// !$*UTF8*$!
{
	archiveVersion = 1;
	classes = {
	};
	objectVersion = 51;
	objects = {

/* Begin PBXBuildFile section */
		B504562F24BA1D0100AEED5F /* FriendsIconView.swift in Sources */ = {isa = PBXBuildFile; fileRef = B504562E24BA1D0100AEED5F /* FriendsIconView.swift */; };
		B51BBD9524CBB61800FE2822 /* NewsTableViewController.swift in Sources */ = {isa = PBXBuildFile; fileRef = B51BBD9424CBB61800FE2822 /* NewsTableViewController.swift */; };
		B51BBD9724CBBA8100FE2822 /* News.swift in Sources */ = {isa = PBXBuildFile; fileRef = B51BBD9624CBBA8100FE2822 /* News.swift */; };
		B51BBD9924CBBD6300FE2822 /* NewsCell.xib in Resources */ = {isa = PBXBuildFile; fileRef = B51BBD9824CBBD6300FE2822 /* NewsCell.xib */; };
		B51BBD9B24CBBD8E00FE2822 /* NewsCell.swift in Sources */ = {isa = PBXBuildFile; fileRef = B51BBD9A24CBBD8E00FE2822 /* NewsCell.swift */; };
		B526A99324C9F90E005A0965 /* FriendsTableSectionHeaderView.xib in Resources */ = {isa = PBXBuildFile; fileRef = B526A99224C9F90E005A0965 /* FriendsTableSectionHeaderView.xib */; };
		B526A99524C9F93E005A0965 /* FriendsTableSectionHeaderView.swift in Sources */ = {isa = PBXBuildFile; fileRef = B526A99424C9F93E005A0965 /* FriendsTableSectionHeaderView.swift */; };
		B52CB633251F7460000A8550 /* NewsItems.swift in Sources */ = {isa = PBXBuildFile; fileRef = B52CB632251F7460000A8550 /* NewsItems.swift */; };
		B52CB635251F74A3000A8550 /* NewsProfiles.swift in Sources */ = {isa = PBXBuildFile; fileRef = B52CB634251F74A3000A8550 /* NewsProfiles.swift */; };
		B52CB638251F74D7000A8550 /* NewsGroups.swift in Sources */ = {isa = PBXBuildFile; fileRef = B52CB637251F74D7000A8550 /* NewsGroups.swift */; };
		B52CB63A251F750A000A8550 /* NewsOwner.swift in Sources */ = {isa = PBXBuildFile; fileRef = B52CB639251F750A000A8550 /* NewsOwner.swift */; };
		B52CB63C25207596000A8550 /* AsyncOperation.swift in Sources */ = {isa = PBXBuildFile; fileRef = B52CB63B25207596000A8550 /* AsyncOperation.swift */; };
		B52CB63E252077C0000A8550 /* GetDataFromRequestOperation.swift in Sources */ = {isa = PBXBuildFile; fileRef = B52CB63D252077C0000A8550 /* GetDataFromRequestOperation.swift */; };
		B52CB6402520785D000A8550 /* ParseGroupDataOperation.swift in Sources */ = {isa = PBXBuildFile; fileRef = B52CB63F2520785D000A8550 /* ParseGroupDataOperation.swift */; };
		B52CB64225207D89000A8550 /* SaveDataInRealmOperation.swift in Sources */ = {isa = PBXBuildFile; fileRef = B52CB64125207D89000A8550 /* SaveDataInRealmOperation.swift */; };
		B52F443F24C7182A00BB04D4 /* FriendsScrollerControlView.swift in Sources */ = {isa = PBXBuildFile; fileRef = B52F443E24C7182A00BB04D4 /* FriendsScrollerControlView.swift */; };
		B53A1B2C24D6F8DF00A0245F /* Animator.swift in Sources */ = {isa = PBXBuildFile; fileRef = B53A1B2B24D6F8DF00A0245F /* Animator.swift */; };
		B53A1B2E24D6FD3C00A0245F /* FriendsNavigationController.swift in Sources */ = {isa = PBXBuildFile; fileRef = B53A1B2D24D6FD3C00A0245F /* FriendsNavigationController.swift */; };
		B541A56324E4505A00E79AB8 /* VKLoginViewController.swift in Sources */ = {isa = PBXBuildFile; fileRef = B541A56224E4505A00E79AB8 /* VKLoginViewController.swift */; };
		B541A56524E455AB00E79AB8 /* WebKit.framework in Frameworks */ = {isa = PBXBuildFile; fileRef = B541A56424E455AB00E79AB8 /* WebKit.framework */; };
		B541A56824E45B2F00E79AB8 /* NetworkService.swift in Sources */ = {isa = PBXBuildFile; fileRef = B541A56724E45B2F00E79AB8 /* NetworkService.swift */; };
		B546E4AB24B762E10003FEA3 /* User.swift in Sources */ = {isa = PBXBuildFile; fileRef = B546E4AA24B762E10003FEA3 /* User.swift */; };
		B546E4AE24B76EAA0003FEA3 /* FriendsPhotoCollectionViewController.swift in Sources */ = {isa = PBXBuildFile; fileRef = B546E4AD24B76EAA0003FEA3 /* FriendsPhotoCollectionViewController.swift */; };
		B546E4B024B76EC10003FEA3 /* FriendsPhotoCell.swift in Sources */ = {isa = PBXBuildFile; fileRef = B546E4AF24B76EC10003FEA3 /* FriendsPhotoCell.swift */; };
		B547630624D4000F00DD9BC5 /* PhotoViewController.swift in Sources */ = {isa = PBXBuildFile; fileRef = B547630524D4000F00DD9BC5 /* PhotoViewController.swift */; };
		B5476EDC24B8CD3E00F7570C /* GroupsTableViewController.swift in Sources */ = {isa = PBXBuildFile; fileRef = B5476EDB24B8CD3E00F7570C /* GroupsTableViewController.swift */; };
		B5476EDE24B8CD6C00F7570C /* GroupsTableCell.swift in Sources */ = {isa = PBXBuildFile; fileRef = B5476EDD24B8CD6C00F7570C /* GroupsTableCell.swift */; };
		B5476EE124B8CDA200F7570C /* GroupsSearchTableViewController.swift in Sources */ = {isa = PBXBuildFile; fileRef = B5476EE024B8CDA200F7570C /* GroupsSearchTableViewController.swift */; };
		B5476EE324B8CDBA00F7570C /* GroupsSearchTableCell.swift in Sources */ = {isa = PBXBuildFile; fileRef = B5476EE224B8CDBA00F7570C /* GroupsSearchTableCell.swift */; };
		B5476EE524B8D0D800F7570C /* Group.swift in Sources */ = {isa = PBXBuildFile; fileRef = B5476EE424B8D0D800F7570C /* Group.swift */; };
		B5483CBA24BB3EAF002B57B8 /* LikeControlView.swift in Sources */ = {isa = PBXBuildFile; fileRef = B5483CB924BB3EAF002B57B8 /* LikeControlView.swift */; };
		B57E2D6E24B62D7A006CD7F3 /* FriendsTableViewController.swift in Sources */ = {isa = PBXBuildFile; fileRef = B57E2D6D24B62D7A006CD7F3 /* FriendsTableViewController.swift */; };
		B57E2D7124B62F9A006CD7F3 /* FriendsTableCell.swift in Sources */ = {isa = PBXBuildFile; fileRef = B57E2D7024B62F9A006CD7F3 /* FriendsTableCell.swift */; };
		B57FD40824FFF17400B64DA5 /* BaseViewController.swift in Sources */ = {isa = PBXBuildFile; fileRef = B57FD40724FFF17400B64DA5 /* BaseViewController.swift */; };
		B590EDD224AF67EA00179DEA /* AppDelegate.swift in Sources */ = {isa = PBXBuildFile; fileRef = B590EDD124AF67EA00179DEA /* AppDelegate.swift */; };
		B590EDD424AF67EA00179DEA /* SceneDelegate.swift in Sources */ = {isa = PBXBuildFile; fileRef = B590EDD324AF67EA00179DEA /* SceneDelegate.swift */; };
		B590EDD924AF67EA00179DEA /* Main.storyboard in Resources */ = {isa = PBXBuildFile; fileRef = B590EDD724AF67EA00179DEA /* Main.storyboard */; };
		B590EDDB24AF67EB00179DEA /* Assets.xcassets in Resources */ = {isa = PBXBuildFile; fileRef = B590EDDA24AF67EB00179DEA /* Assets.xcassets */; };
		B590EDDE24AF67EB00179DEA /* LaunchScreen.storyboard in Resources */ = {isa = PBXBuildFile; fileRef = B590EDDC24AF67EB00179DEA /* LaunchScreen.storyboard */; };
		B5C1C7BE24EA7AAC00559853 /* Photo.swift in Sources */ = {isa = PBXBuildFile; fileRef = B5C1C7BD24EA7AAC00559853 /* Photo.swift */; };
		B5D2E813252AF99600C04A3E /* DataReloadable.swift in Sources */ = {isa = PBXBuildFile; fileRef = B5D2E812252AF99600C04A3E /* DataReloadable.swift */; };
		B5D9D00E24EE4C1B009AC718 /* RealmService.swift in Sources */ = {isa = PBXBuildFile; fileRef = B5D9D00D24EE4C1B009AC718 /* RealmService.swift */; };
		B5DC8C3B24DEFDF800A00667 /* Session.swift in Sources */ = {isa = PBXBuildFile; fileRef = B5DC8C3A24DEFDF800A00667 /* Session.swift */; };
		B5EB5A9F252AE4E20067AA72 /* ImageCacheService.swift in Sources */ = {isa = PBXBuildFile; fileRef = B5EB5A9E252AE4E20067AA72 /* ImageCacheService.swift */; };
		E80F304157A46246B49A6092 /* Pods_VK_client.framework in Frameworks */ = {isa = PBXBuildFile; fileRef = E7CF06FF1A6A5B7D05AF00A1 /* Pods_VK_client.framework */; };
/* End PBXBuildFile section */

/* Begin PBXFileReference section */
		5D88F4B165430E7E676CF744 /* Pods-VK_client.debug.xcconfig */ = {isa = PBXFileReference; includeInIndex = 1; lastKnownFileType = text.xcconfig; name = "Pods-VK_client.debug.xcconfig"; path = "Target Support Files/Pods-VK_client/Pods-VK_client.debug.xcconfig"; sourceTree = "<group>"; };
		B504562E24BA1D0100AEED5F /* FriendsIconView.swift */ = {isa = PBXFileReference; lastKnownFileType = sourcecode.swift; path = FriendsIconView.swift; sourceTree = "<group>"; };
		B51BBD9424CBB61800FE2822 /* NewsTableViewController.swift */ = {isa = PBXFileReference; lastKnownFileType = sourcecode.swift; path = NewsTableViewController.swift; sourceTree = "<group>"; };
		B51BBD9624CBBA8100FE2822 /* News.swift */ = {isa = PBXFileReference; lastKnownFileType = sourcecode.swift; path = News.swift; sourceTree = "<group>"; };
		B51BBD9824CBBD6300FE2822 /* NewsCell.xib */ = {isa = PBXFileReference; lastKnownFileType = file.xib; path = NewsCell.xib; sourceTree = "<group>"; };
		B51BBD9A24CBBD8E00FE2822 /* NewsCell.swift */ = {isa = PBXFileReference; lastKnownFileType = sourcecode.swift; path = NewsCell.swift; sourceTree = "<group>"; };
		B526A99224C9F90E005A0965 /* FriendsTableSectionHeaderView.xib */ = {isa = PBXFileReference; lastKnownFileType = file.xib; path = FriendsTableSectionHeaderView.xib; sourceTree = "<group>"; };
		B526A99424C9F93E005A0965 /* FriendsTableSectionHeaderView.swift */ = {isa = PBXFileReference; lastKnownFileType = sourcecode.swift; path = FriendsTableSectionHeaderView.swift; sourceTree = "<group>"; };
		B52CB632251F7460000A8550 /* NewsItems.swift */ = {isa = PBXFileReference; lastKnownFileType = sourcecode.swift; path = NewsItems.swift; sourceTree = "<group>"; };
		B52CB634251F74A3000A8550 /* NewsProfiles.swift */ = {isa = PBXFileReference; lastKnownFileType = sourcecode.swift; path = NewsProfiles.swift; sourceTree = "<group>"; };
		B52CB637251F74D7000A8550 /* NewsGroups.swift */ = {isa = PBXFileReference; lastKnownFileType = sourcecode.swift; path = NewsGroups.swift; sourceTree = "<group>"; };
		B52CB639251F750A000A8550 /* NewsOwner.swift */ = {isa = PBXFileReference; lastKnownFileType = sourcecode.swift; path = NewsOwner.swift; sourceTree = "<group>"; };
		B52CB63B25207596000A8550 /* AsyncOperation.swift */ = {isa = PBXFileReference; lastKnownFileType = sourcecode.swift; path = AsyncOperation.swift; sourceTree = "<group>"; };
		B52CB63D252077C0000A8550 /* GetDataFromRequestOperation.swift */ = {isa = PBXFileReference; lastKnownFileType = sourcecode.swift; path = GetDataFromRequestOperation.swift; sourceTree = "<group>"; };
		B52CB63F2520785D000A8550 /* ParseGroupDataOperation.swift */ = {isa = PBXFileReference; lastKnownFileType = sourcecode.swift; path = ParseGroupDataOperation.swift; sourceTree = "<group>"; };
		B52CB64125207D89000A8550 /* SaveDataInRealmOperation.swift */ = {isa = PBXFileReference; lastKnownFileType = sourcecode.swift; path = SaveDataInRealmOperation.swift; sourceTree = "<group>"; };
		B52F443E24C7182A00BB04D4 /* FriendsScrollerControlView.swift */ = {isa = PBXFileReference; lastKnownFileType = sourcecode.swift; path = FriendsScrollerControlView.swift; sourceTree = "<group>"; };
		B53A1B2B24D6F8DF00A0245F /* Animator.swift */ = {isa = PBXFileReference; lastKnownFileType = sourcecode.swift; path = Animator.swift; sourceTree = "<group>"; };
		B53A1B2D24D6FD3C00A0245F /* FriendsNavigationController.swift */ = {isa = PBXFileReference; lastKnownFileType = sourcecode.swift; path = FriendsNavigationController.swift; sourceTree = "<group>"; };
		B541A56224E4505A00E79AB8 /* VKLoginViewController.swift */ = {isa = PBXFileReference; lastKnownFileType = sourcecode.swift; path = VKLoginViewController.swift; sourceTree = "<group>"; };
		B541A56424E455AB00E79AB8 /* WebKit.framework */ = {isa = PBXFileReference; lastKnownFileType = wrapper.framework; name = WebKit.framework; path = System/Library/Frameworks/WebKit.framework; sourceTree = SDKROOT; };
		B541A56724E45B2F00E79AB8 /* NetworkService.swift */ = {isa = PBXFileReference; lastKnownFileType = sourcecode.swift; path = NetworkService.swift; sourceTree = "<group>"; };
		B546E4AA24B762E10003FEA3 /* User.swift */ = {isa = PBXFileReference; lastKnownFileType = sourcecode.swift; path = User.swift; sourceTree = "<group>"; };
		B546E4AD24B76EAA0003FEA3 /* FriendsPhotoCollectionViewController.swift */ = {isa = PBXFileReference; lastKnownFileType = sourcecode.swift; path = FriendsPhotoCollectionViewController.swift; sourceTree = "<group>"; };
		B546E4AF24B76EC10003FEA3 /* FriendsPhotoCell.swift */ = {isa = PBXFileReference; lastKnownFileType = sourcecode.swift; path = FriendsPhotoCell.swift; sourceTree = "<group>"; };
		B547630524D4000F00DD9BC5 /* PhotoViewController.swift */ = {isa = PBXFileReference; lastKnownFileType = sourcecode.swift; path = PhotoViewController.swift; sourceTree = "<group>"; };
		B5476EDB24B8CD3E00F7570C /* GroupsTableViewController.swift */ = {isa = PBXFileReference; lastKnownFileType = sourcecode.swift; path = GroupsTableViewController.swift; sourceTree = "<group>"; };
		B5476EDD24B8CD6C00F7570C /* GroupsTableCell.swift */ = {isa = PBXFileReference; lastKnownFileType = sourcecode.swift; path = GroupsTableCell.swift; sourceTree = "<group>"; };
		B5476EE024B8CDA200F7570C /* GroupsSearchTableViewController.swift */ = {isa = PBXFileReference; lastKnownFileType = sourcecode.swift; path = GroupsSearchTableViewController.swift; sourceTree = "<group>"; };
		B5476EE224B8CDBA00F7570C /* GroupsSearchTableCell.swift */ = {isa = PBXFileReference; lastKnownFileType = sourcecode.swift; path = GroupsSearchTableCell.swift; sourceTree = "<group>"; };
		B5476EE424B8D0D800F7570C /* Group.swift */ = {isa = PBXFileReference; lastKnownFileType = sourcecode.swift; path = Group.swift; sourceTree = "<group>"; };
		B5483CB924BB3EAF002B57B8 /* LikeControlView.swift */ = {isa = PBXFileReference; lastKnownFileType = sourcecode.swift; path = LikeControlView.swift; sourceTree = "<group>"; };
		B57E2D6D24B62D7A006CD7F3 /* FriendsTableViewController.swift */ = {isa = PBXFileReference; lastKnownFileType = sourcecode.swift; path = FriendsTableViewController.swift; sourceTree = "<group>"; };
		B57E2D7024B62F9A006CD7F3 /* FriendsTableCell.swift */ = {isa = PBXFileReference; lastKnownFileType = sourcecode.swift; path = FriendsTableCell.swift; sourceTree = "<group>"; };
		B57FD40724FFF17400B64DA5 /* BaseViewController.swift */ = {isa = PBXFileReference; lastKnownFileType = sourcecode.swift; path = BaseViewController.swift; sourceTree = "<group>"; };
		B590EDCE24AF67EA00179DEA /* VK_client.app */ = {isa = PBXFileReference; explicitFileType = wrapper.application; includeInIndex = 0; path = VK_client.app; sourceTree = BUILT_PRODUCTS_DIR; };
		B590EDD124AF67EA00179DEA /* AppDelegate.swift */ = {isa = PBXFileReference; lastKnownFileType = sourcecode.swift; path = AppDelegate.swift; sourceTree = "<group>"; };
		B590EDD324AF67EA00179DEA /* SceneDelegate.swift */ = {isa = PBXFileReference; lastKnownFileType = sourcecode.swift; path = SceneDelegate.swift; sourceTree = "<group>"; };
		B590EDD824AF67EA00179DEA /* Base */ = {isa = PBXFileReference; lastKnownFileType = file.storyboard; name = Base; path = Base.lproj/Main.storyboard; sourceTree = "<group>"; };
		B590EDDA24AF67EB00179DEA /* Assets.xcassets */ = {isa = PBXFileReference; lastKnownFileType = folder.assetcatalog; path = Assets.xcassets; sourceTree = "<group>"; };
		B590EDDD24AF67EB00179DEA /* Base */ = {isa = PBXFileReference; lastKnownFileType = file.storyboard; name = Base; path = Base.lproj/LaunchScreen.storyboard; sourceTree = "<group>"; };
		B590EDDF24AF67EB00179DEA /* Info.plist */ = {isa = PBXFileReference; lastKnownFileType = text.plist.xml; path = Info.plist; sourceTree = "<group>"; };
		B5C1C7BD24EA7AAC00559853 /* Photo.swift */ = {isa = PBXFileReference; lastKnownFileType = sourcecode.swift; path = Photo.swift; sourceTree = "<group>"; };
		B5D2E812252AF99600C04A3E /* DataReloadable.swift */ = {isa = PBXFileReference; lastKnownFileType = sourcecode.swift; path = DataReloadable.swift; sourceTree = "<group>"; };
		B5D9D00D24EE4C1B009AC718 /* RealmService.swift */ = {isa = PBXFileReference; lastKnownFileType = sourcecode.swift; path = RealmService.swift; sourceTree = "<group>"; };
		B5DC8C3A24DEFDF800A00667 /* Session.swift */ = {isa = PBXFileReference; lastKnownFileType = sourcecode.swift; path = Session.swift; sourceTree = "<group>"; };
		B5EB5A9E252AE4E20067AA72 /* ImageCacheService.swift */ = {isa = PBXFileReference; lastKnownFileType = sourcecode.swift; path = ImageCacheService.swift; sourceTree = "<group>"; };
		E7CF06FF1A6A5B7D05AF00A1 /* Pods_VK_client.framework */ = {isa = PBXFileReference; explicitFileType = wrapper.framework; includeInIndex = 0; path = Pods_VK_client.framework; sourceTree = BUILT_PRODUCTS_DIR; };
		FEAA6112649E862F2EC74568 /* Pods-VK_client.release.xcconfig */ = {isa = PBXFileReference; includeInIndex = 1; lastKnownFileType = text.xcconfig; name = "Pods-VK_client.release.xcconfig"; path = "Target Support Files/Pods-VK_client/Pods-VK_client.release.xcconfig"; sourceTree = "<group>"; };
/* End PBXFileReference section */

/* Begin PBXFrameworksBuildPhase section */
		B590EDCB24AF67EA00179DEA /* Frameworks */ = {
			isa = PBXFrameworksBuildPhase;
			buildActionMask = 2147483647;
			files = (
				B541A56524E455AB00E79AB8 /* WebKit.framework in Frameworks */,
				E80F304157A46246B49A6092 /* Pods_VK_client.framework in Frameworks */,
			);
			runOnlyForDeploymentPostprocessing = 0;
		};
/* End PBXFrameworksBuildPhase section */

/* Begin PBXGroup section */
		6F7164ED89EEE8024DB8AE01 /* Frameworks */ = {
			isa = PBXGroup;
			children = (
				B541A56424E455AB00E79AB8 /* WebKit.framework */,
				E7CF06FF1A6A5B7D05AF00A1 /* Pods_VK_client.framework */,
			);
			name = Frameworks;
			sourceTree = "<group>";
		};
		8E852F99A5CB6793E9D96005 /* Pods */ = {
			isa = PBXGroup;
			children = (
				5D88F4B165430E7E676CF744 /* Pods-VK_client.debug.xcconfig */,
				FEAA6112649E862F2EC74568 /* Pods-VK_client.release.xcconfig */,
			);
			path = Pods;
			sourceTree = "<group>";
		};
		B51BBD9324CBB5D100FE2822 /* NewsTable */ = {
			isa = PBXGroup;
			children = (
				B51BBD9424CBB61800FE2822 /* NewsTableViewController.swift */,
				B51BBD9824CBBD6300FE2822 /* NewsCell.xib */,
				B51BBD9A24CBBD8E00FE2822 /* NewsCell.swift */,
			);
			path = NewsTable;
			sourceTree = "<group>";
		};
		B52CB631251F7423000A8550 /* News */ = {
			isa = PBXGroup;
			children = (
				B51BBD9624CBBA8100FE2822 /* News.swift */,
				B52CB632251F7460000A8550 /* NewsItems.swift */,
				B52CB634251F74A3000A8550 /* NewsProfiles.swift */,
				B52CB637251F74D7000A8550 /* NewsGroups.swift */,
				B52CB639251F750A000A8550 /* NewsOwner.swift */,
			);
			path = News;
			sourceTree = "<group>";
		};
		B541A56624E459A300E79AB8 /* Services */ = {
			isa = PBXGroup;
			children = (
				B5DC8C3A24DEFDF800A00667 /* Session.swift */,
				B5D2E811252AF96B00C04A3E /* ImageCasheSerice */,
				B541A56724E45B2F00E79AB8 /* NetworkService.swift */,
				B5D9D00D24EE4C1B009AC718 /* RealmService.swift */,
			);
			path = Services;
			sourceTree = "<group>";
		};
		B546E4A924B762AC0003FEA3 /* Model */ = {
			isa = PBXGroup;
			children = (
				B52CB631251F7423000A8550 /* News */,
				B546E4AA24B762E10003FEA3 /* User.swift */,
				B5476EE424B8D0D800F7570C /* Group.swift */,
				B5C1C7BD24EA7AAC00559853 /* Photo.swift */,
			);
			path = Model;
			sourceTree = "<group>";
		};
		B546E4AC24B76E510003FEA3 /* FriendsPhotoCollection */ = {
			isa = PBXGroup;
			children = (
				B546E4AD24B76EAA0003FEA3 /* FriendsPhotoCollectionViewController.swift */,
				B547630524D4000F00DD9BC5 /* PhotoViewController.swift */,
				B5483CB924BB3EAF002B57B8 /* LikeControlView.swift */,
				B546E4AF24B76EC10003FEA3 /* FriendsPhotoCell.swift */,
			);
			path = FriendsPhotoCollection;
			sourceTree = "<group>";
		};
		B5476EDA24B8CD0A00F7570C /* GroupsTable */ = {
			isa = PBXGroup;
			children = (
				B5476EDB24B8CD3E00F7570C /* GroupsTableViewController.swift */,
				B5476EDD24B8CD6C00F7570C /* GroupsTableCell.swift */,
			);
			path = GroupsTable;
			sourceTree = "<group>";
		};
		B5476EDF24B8CD7800F7570C /* GroupsSearchTable */ = {
			isa = PBXGroup;
			children = (
				B5476EE024B8CDA200F7570C /* GroupsSearchTableViewController.swift */,
				B5476EE224B8CDBA00F7570C /* GroupsSearchTableCell.swift */,
			);
			path = GroupsSearchTable;
			sourceTree = "<group>";
		};
		B57E2D6F24B62F5D006CD7F3 /* FriendsTable */ = {
			isa = PBXGroup;
			children = (
				B57E2D6D24B62D7A006CD7F3 /* FriendsTableViewController.swift */,
				B53A1B2B24D6F8DF00A0245F /* Animator.swift */,
				B504562E24BA1D0100AEED5F /* FriendsIconView.swift */,
				B57E2D7024B62F9A006CD7F3 /* FriendsTableCell.swift */,
				B52F443E24C7182A00BB04D4 /* FriendsScrollerControlView.swift */,
				B53A1B2D24D6FD3C00A0245F /* FriendsNavigationController.swift */,
				B526A99224C9F90E005A0965 /* FriendsTableSectionHeaderView.xib */,
				B526A99424C9F93E005A0965 /* FriendsTableSectionHeaderView.swift */,
			);
			path = FriendsTable;
			sourceTree = "<group>";
		};
		B590EDC524AF67EA00179DEA = {
			isa = PBXGroup;
			children = (
				B590EDD024AF67EA00179DEA /* VK_client */,
				B590EDCF24AF67EA00179DEA /* Products */,
				8E852F99A5CB6793E9D96005 /* Pods */,
				6F7164ED89EEE8024DB8AE01 /* Frameworks */,
			);
			sourceTree = "<group>";
		};
		B590EDCF24AF67EA00179DEA /* Products */ = {
			isa = PBXGroup;
			children = (
				B590EDCE24AF67EA00179DEA /* VK_client.app */,
			);
			name = Products;
			sourceTree = "<group>";
		};
		B590EDD024AF67EA00179DEA /* VK_client */ = {
			isa = PBXGroup;
			children = (
				B546E4A924B762AC0003FEA3 /* Model */,
				B541A56624E459A300E79AB8 /* Services */,
				B5DC6050250930C500F8390B /* Storyboards */,
				B5476EDF24B8CD7800F7570C /* GroupsSearchTable */,
				B5476EDA24B8CD0A00F7570C /* GroupsTable */,
				B57E2D6F24B62F5D006CD7F3 /* FriendsTable */,
				B546E4AC24B76E510003FEA3 /* FriendsPhotoCollection */,
				B51BBD9324CBB5D100FE2822 /* NewsTable */,
				B5DC6051250930F500F8390B /* LoginControllers */,
				B5DC60522509314200F8390B /* SupportingFiles */,
			);
			path = VK_client;
			sourceTree = "<group>";
		};
		B5D2E811252AF96B00C04A3E /* ImageCasheSerice */ = {
			isa = PBXGroup;
			children = (
				B5EB5A9E252AE4E20067AA72 /* ImageCacheService.swift */,
				B5D2E812252AF99600C04A3E /* DataReloadable.swift */,
			);
			path = ImageCasheSerice;
			sourceTree = "<group>";
		};
		B5DC6050250930C500F8390B /* Storyboards */ = {
			isa = PBXGroup;
			children = (
				B590EDD724AF67EA00179DEA /* Main.storyboard */,
				B590EDDC24AF67EB00179DEA /* LaunchScreen.storyboard */,
			);
			path = Storyboards;
			sourceTree = "<group>";
		};
		B5DC6051250930F500F8390B /* LoginControllers */ = {
			isa = PBXGroup;
			children = (
				B541A56224E4505A00E79AB8 /* VKLoginViewController.swift */,
			);
			path = LoginControllers;
			sourceTree = "<group>";
		};
		B5DC60522509314200F8390B /* SupportingFiles */ = {
			isa = PBXGroup;
			children = (
				B590EDD324AF67EA00179DEA /* SceneDelegate.swift */,
				B590EDD124AF67EA00179DEA /* AppDelegate.swift */,
				B590EDDA24AF67EB00179DEA /* Assets.xcassets */,
				B590EDDF24AF67EB00179DEA /* Info.plist */,
				B57FD40724FFF17400B64DA5 /* BaseViewController.swift */,
				B52CB63B25207596000A8550 /* AsyncOperation.swift */,
				B52CB63D252077C0000A8550 /* GetDataFromRequestOperation.swift */,
				B52CB63F2520785D000A8550 /* ParseGroupDataOperation.swift */,
				B52CB64125207D89000A8550 /* SaveDataInRealmOperation.swift */,
			);
			path = SupportingFiles;
			sourceTree = "<group>";
		};
/* End PBXGroup section */

/* Begin PBXNativeTarget section */
		B590EDCD24AF67EA00179DEA /* VK_client */ = {
			isa = PBXNativeTarget;
			buildConfigurationList = B590EDE224AF67EB00179DEA /* Build configuration list for PBXNativeTarget "VK_client" */;
			buildPhases = (
				B9C1A469CA4E5C28B003B8AB /* [CP] Check Pods Manifest.lock */,
				B590EDCA24AF67EA00179DEA /* Sources */,
				B590EDCB24AF67EA00179DEA /* Frameworks */,
				B590EDCC24AF67EA00179DEA /* Resources */,
				E626F05C41D7B890F50ED4A3 /* [CP] Embed Pods Frameworks */,
			);
			buildRules = (
			);
			dependencies = (
			);
			name = VK_client;
			productName = VK_client;
			productReference = B590EDCE24AF67EA00179DEA /* VK_client.app */;
			productType = "com.apple.product-type.application";
		};
/* End PBXNativeTarget section */

/* Begin PBXProject section */
		B590EDC624AF67EA00179DEA /* Project object */ = {
			isa = PBXProject;
			attributes = {
				LastSwiftUpdateCheck = 1150;
				LastUpgradeCheck = 1150;
				ORGANIZATIONNAME = zindeivan;
				TargetAttributes = {
					B590EDCD24AF67EA00179DEA = {
						CreatedOnToolsVersion = 11.5;
					};
				};
			};
			buildConfigurationList = B590EDC924AF67EA00179DEA /* Build configuration list for PBXProject "VK_client" */;
			compatibilityVersion = "Xcode 9.3";
			developmentRegion = en;
			hasScannedForEncodings = 0;
			knownRegions = (
				en,
				Base,
			);
			mainGroup = B590EDC524AF67EA00179DEA;
			productRefGroup = B590EDCF24AF67EA00179DEA /* Products */;
			projectDirPath = "";
			projectRoot = "";
			targets = (
				B590EDCD24AF67EA00179DEA /* VK_client */,
			);
		};
/* End PBXProject section */

/* Begin PBXResourcesBuildPhase section */
		B590EDCC24AF67EA00179DEA /* Resources */ = {
			isa = PBXResourcesBuildPhase;
			buildActionMask = 2147483647;
			files = (
				B590EDDE24AF67EB00179DEA /* LaunchScreen.storyboard in Resources */,
				B590EDDB24AF67EB00179DEA /* Assets.xcassets in Resources */,
				B51BBD9924CBBD6300FE2822 /* NewsCell.xib in Resources */,
				B526A99324C9F90E005A0965 /* FriendsTableSectionHeaderView.xib in Resources */,
				B590EDD924AF67EA00179DEA /* Main.storyboard in Resources */,
			);
			runOnlyForDeploymentPostprocessing = 0;
		};
/* End PBXResourcesBuildPhase section */

/* Begin PBXShellScriptBuildPhase section */
		B9C1A469CA4E5C28B003B8AB /* [CP] Check Pods Manifest.lock */ = {
			isa = PBXShellScriptBuildPhase;
			buildActionMask = 2147483647;
			files = (
			);
			inputFileListPaths = (
			);
			inputPaths = (
				"${PODS_PODFILE_DIR_PATH}/Podfile.lock",
				"${PODS_ROOT}/Manifest.lock",
			);
			name = "[CP] Check Pods Manifest.lock";
			outputFileListPaths = (
			);
			outputPaths = (
				"$(DERIVED_FILE_DIR)/Pods-VK_client-checkManifestLockResult.txt",
			);
			runOnlyForDeploymentPostprocessing = 0;
			shellPath = /bin/sh;
			shellScript = "diff \"${PODS_PODFILE_DIR_PATH}/Podfile.lock\" \"${PODS_ROOT}/Manifest.lock\" > /dev/null\nif [ $? != 0 ] ; then\n    # print error to STDERR\n    echo \"error: The sandbox is not in sync with the Podfile.lock. Run 'pod install' or update your CocoaPods installation.\" >&2\n    exit 1\nfi\n# This output is used by Xcode 'outputs' to avoid re-running this script phase.\necho \"SUCCESS\" > \"${SCRIPT_OUTPUT_FILE_0}\"\n";
			showEnvVarsInLog = 0;
		};
		E626F05C41D7B890F50ED4A3 /* [CP] Embed Pods Frameworks */ = {
			isa = PBXShellScriptBuildPhase;
			buildActionMask = 2147483647;
			files = (
			);
			inputFileListPaths = (
				"${PODS_ROOT}/Target Support Files/Pods-VK_client/Pods-VK_client-frameworks-${CONFIGURATION}-input-files.xcfilelist",
			);
			name = "[CP] Embed Pods Frameworks";
			outputFileListPaths = (
				"${PODS_ROOT}/Target Support Files/Pods-VK_client/Pods-VK_client-frameworks-${CONFIGURATION}-output-files.xcfilelist",
			);
			runOnlyForDeploymentPostprocessing = 0;
			shellPath = /bin/sh;
			shellScript = "\"${PODS_ROOT}/Target Support Files/Pods-VK_client/Pods-VK_client-frameworks.sh\"\n";
			showEnvVarsInLog = 0;
		};
/* End PBXShellScriptBuildPhase section */

/* Begin PBXSourcesBuildPhase section */
		B590EDCA24AF67EA00179DEA /* Sources */ = {
			isa = PBXSourcesBuildPhase;
			buildActionMask = 2147483647;
			files = (
				B52F443F24C7182A00BB04D4 /* FriendsScrollerControlView.swift in Sources */,
				B52CB63C25207596000A8550 /* AsyncOperation.swift in Sources */,
				B57E2D7124B62F9A006CD7F3 /* FriendsTableCell.swift in Sources */,
				B5C1C7BE24EA7AAC00559853 /* Photo.swift in Sources */,
				B5476EDE24B8CD6C00F7570C /* GroupsTableCell.swift in Sources */,
				B5476EDC24B8CD3E00F7570C /* GroupsTableViewController.swift in Sources */,
				B53A1B2E24D6FD3C00A0245F /* FriendsNavigationController.swift in Sources */,
				B5476EE124B8CDA200F7570C /* GroupsSearchTableViewController.swift in Sources */,
				B51BBD9724CBBA8100FE2822 /* News.swift in Sources */,
				B504562F24BA1D0100AEED5F /* FriendsIconView.swift in Sources */,
				B546E4AB24B762E10003FEA3 /* User.swift in Sources */,
				B51BBD9524CBB61800FE2822 /* NewsTableViewController.swift in Sources */,
				B52CB638251F74D7000A8550 /* NewsGroups.swift in Sources */,
				B5476EE524B8D0D800F7570C /* Group.swift in Sources */,
				B52CB6402520785D000A8550 /* ParseGroupDataOperation.swift in Sources */,
				B52CB635251F74A3000A8550 /* NewsProfiles.swift in Sources */,
				B547630624D4000F00DD9BC5 /* PhotoViewController.swift in Sources */,
				B590EDD224AF67EA00179DEA /* AppDelegate.swift in Sources */,
				B57E2D6E24B62D7A006CD7F3 /* FriendsTableViewController.swift in Sources */,
				B526A99524C9F93E005A0965 /* FriendsTableSectionHeaderView.swift in Sources */,
				B52CB63A251F750A000A8550 /* NewsOwner.swift in Sources */,
				B52CB63E252077C0000A8550 /* GetDataFromRequestOperation.swift in Sources */,
				B51BBD9B24CBBD8E00FE2822 /* NewsCell.swift in Sources */,
				B52CB633251F7460000A8550 /* NewsItems.swift in Sources */,
				B5483CBA24BB3EAF002B57B8 /* LikeControlView.swift in Sources */,
				B590EDD424AF67EA00179DEA /* SceneDelegate.swift in Sources */,
				B546E4B024B76EC10003FEA3 /* FriendsPhotoCell.swift in Sources */,
				B52CB64225207D89000A8550 /* SaveDataInRealmOperation.swift in Sources */,
				B5DC8C3B24DEFDF800A00667 /* Session.swift in Sources */,
				B5476EE324B8CDBA00F7570C /* GroupsSearchTableCell.swift in Sources */,
				B5D9D00E24EE4C1B009AC718 /* RealmService.swift in Sources */,
				B53A1B2C24D6F8DF00A0245F /* Animator.swift in Sources */,
				B546E4AE24B76EAA0003FEA3 /* FriendsPhotoCollectionViewController.swift in Sources */,
				B541A56824E45B2F00E79AB8 /* NetworkService.swift in Sources */,
				B5D2E813252AF99600C04A3E /* DataReloadable.swift in Sources */,
				B541A56324E4505A00E79AB8 /* VKLoginViewController.swift in Sources */,
				B5EB5A9F252AE4E20067AA72 /* ImageCacheService.swift in Sources */,
				B57FD40824FFF17400B64DA5 /* BaseViewController.swift in Sources */,
			);
			runOnlyForDeploymentPostprocessing = 0;
		};
/* End PBXSourcesBuildPhase section */

/* Begin PBXVariantGroup section */
		B590EDD724AF67EA00179DEA /* Main.storyboard */ = {
			isa = PBXVariantGroup;
			children = (
				B590EDD824AF67EA00179DEA /* Base */,
			);
			name = Main.storyboard;
			sourceTree = "<group>";
		};
		B590EDDC24AF67EB00179DEA /* LaunchScreen.storyboard */ = {
			isa = PBXVariantGroup;
			children = (
				B590EDDD24AF67EB00179DEA /* Base */,
			);
			name = LaunchScreen.storyboard;
			sourceTree = "<group>";
		};
/* End PBXVariantGroup section */

/* Begin XCBuildConfiguration section */
		B590EDE024AF67EB00179DEA /* Debug */ = {
			isa = XCBuildConfiguration;
			buildSettings = {
				ALWAYS_SEARCH_USER_PATHS = NO;
				CLANG_ANALYZER_NONNULL = YES;
				CLANG_ANALYZER_NUMBER_OBJECT_CONVERSION = YES_AGGRESSIVE;
				CLANG_CXX_LANGUAGE_STANDARD = "gnu++14";
				CLANG_CXX_LIBRARY = "libc++";
				CLANG_ENABLE_MODULES = YES;
				CLANG_ENABLE_OBJC_ARC = YES;
				CLANG_ENABLE_OBJC_WEAK = YES;
				CLANG_WARN_BLOCK_CAPTURE_AUTORELEASING = YES;
				CLANG_WARN_BOOL_CONVERSION = YES;
				CLANG_WARN_COMMA = YES;
				CLANG_WARN_CONSTANT_CONVERSION = YES;
				CLANG_WARN_DEPRECATED_OBJC_IMPLEMENTATIONS = YES;
				CLANG_WARN_DIRECT_OBJC_ISA_USAGE = YES_ERROR;
				CLANG_WARN_DOCUMENTATION_COMMENTS = YES;
				CLANG_WARN_EMPTY_BODY = YES;
				CLANG_WARN_ENUM_CONVERSION = YES;
				CLANG_WARN_INFINITE_RECURSION = YES;
				CLANG_WARN_INT_CONVERSION = YES;
				CLANG_WARN_NON_LITERAL_NULL_CONVERSION = YES;
				CLANG_WARN_OBJC_IMPLICIT_RETAIN_SELF = YES;
				CLANG_WARN_OBJC_LITERAL_CONVERSION = YES;
				CLANG_WARN_OBJC_ROOT_CLASS = YES_ERROR;
				CLANG_WARN_RANGE_LOOP_ANALYSIS = YES;
				CLANG_WARN_STRICT_PROTOTYPES = YES;
				CLANG_WARN_SUSPICIOUS_MOVE = YES;
				CLANG_WARN_UNGUARDED_AVAILABILITY = YES_AGGRESSIVE;
				CLANG_WARN_UNREACHABLE_CODE = YES;
				CLANG_WARN__DUPLICATE_METHOD_MATCH = YES;
				COPY_PHASE_STRIP = NO;
				DEBUG_INFORMATION_FORMAT = dwarf;
				ENABLE_STRICT_OBJC_MSGSEND = YES;
				ENABLE_TESTABILITY = YES;
				GCC_C_LANGUAGE_STANDARD = gnu11;
				GCC_DYNAMIC_NO_PIC = NO;
				GCC_NO_COMMON_BLOCKS = YES;
				GCC_OPTIMIZATION_LEVEL = 0;
				GCC_PREPROCESSOR_DEFINITIONS = (
					"DEBUG=1",
					"$(inherited)",
				);
				GCC_WARN_64_TO_32_BIT_CONVERSION = YES;
				GCC_WARN_ABOUT_RETURN_TYPE = YES_ERROR;
				GCC_WARN_UNDECLARED_SELECTOR = YES;
				GCC_WARN_UNINITIALIZED_AUTOS = YES_AGGRESSIVE;
				GCC_WARN_UNUSED_FUNCTION = YES;
				GCC_WARN_UNUSED_VARIABLE = YES;
				IPHONEOS_DEPLOYMENT_TARGET = 13.5;
				MTL_ENABLE_DEBUG_INFO = INCLUDE_SOURCE;
				MTL_FAST_MATH = YES;
				ONLY_ACTIVE_ARCH = YES;
				SDKROOT = iphoneos;
				SWIFT_ACTIVE_COMPILATION_CONDITIONS = DEBUG;
				SWIFT_OPTIMIZATION_LEVEL = "-Onone";
			};
			name = Debug;
		};
		B590EDE124AF67EB00179DEA /* Release */ = {
			isa = XCBuildConfiguration;
			buildSettings = {
				ALWAYS_SEARCH_USER_PATHS = NO;
				CLANG_ANALYZER_NONNULL = YES;
				CLANG_ANALYZER_NUMBER_OBJECT_CONVERSION = YES_AGGRESSIVE;
				CLANG_CXX_LANGUAGE_STANDARD = "gnu++14";
				CLANG_CXX_LIBRARY = "libc++";
				CLANG_ENABLE_MODULES = YES;
				CLANG_ENABLE_OBJC_ARC = YES;
				CLANG_ENABLE_OBJC_WEAK = YES;
				CLANG_WARN_BLOCK_CAPTURE_AUTORELEASING = YES;
				CLANG_WARN_BOOL_CONVERSION = YES;
				CLANG_WARN_COMMA = YES;
				CLANG_WARN_CONSTANT_CONVERSION = YES;
				CLANG_WARN_DEPRECATED_OBJC_IMPLEMENTATIONS = YES;
				CLANG_WARN_DIRECT_OBJC_ISA_USAGE = YES_ERROR;
				CLANG_WARN_DOCUMENTATION_COMMENTS = YES;
				CLANG_WARN_EMPTY_BODY = YES;
				CLANG_WARN_ENUM_CONVERSION = YES;
				CLANG_WARN_INFINITE_RECURSION = YES;
				CLANG_WARN_INT_CONVERSION = YES;
				CLANG_WARN_NON_LITERAL_NULL_CONVERSION = YES;
				CLANG_WARN_OBJC_IMPLICIT_RETAIN_SELF = YES;
				CLANG_WARN_OBJC_LITERAL_CONVERSION = YES;
				CLANG_WARN_OBJC_ROOT_CLASS = YES_ERROR;
				CLANG_WARN_RANGE_LOOP_ANALYSIS = YES;
				CLANG_WARN_STRICT_PROTOTYPES = YES;
				CLANG_WARN_SUSPICIOUS_MOVE = YES;
				CLANG_WARN_UNGUARDED_AVAILABILITY = YES_AGGRESSIVE;
				CLANG_WARN_UNREACHABLE_CODE = YES;
				CLANG_WARN__DUPLICATE_METHOD_MATCH = YES;
				COPY_PHASE_STRIP = NO;
				DEBUG_INFORMATION_FORMAT = "dwarf-with-dsym";
				ENABLE_NS_ASSERTIONS = NO;
				ENABLE_STRICT_OBJC_MSGSEND = YES;
				GCC_C_LANGUAGE_STANDARD = gnu11;
				GCC_NO_COMMON_BLOCKS = YES;
				GCC_WARN_64_TO_32_BIT_CONVERSION = YES;
				GCC_WARN_ABOUT_RETURN_TYPE = YES_ERROR;
				GCC_WARN_UNDECLARED_SELECTOR = YES;
				GCC_WARN_UNINITIALIZED_AUTOS = YES_AGGRESSIVE;
				GCC_WARN_UNUSED_FUNCTION = YES;
				GCC_WARN_UNUSED_VARIABLE = YES;
				IPHONEOS_DEPLOYMENT_TARGET = 13.5;
				MTL_ENABLE_DEBUG_INFO = NO;
				MTL_FAST_MATH = YES;
				SDKROOT = iphoneos;
				SWIFT_COMPILATION_MODE = wholemodule;
				SWIFT_OPTIMIZATION_LEVEL = "-O";
				VALIDATE_PRODUCT = YES;
			};
			name = Release;
		};
		B590EDE324AF67EB00179DEA /* Debug */ = {
			isa = XCBuildConfiguration;
			baseConfigurationReference = 5D88F4B165430E7E676CF744 /* Pods-VK_client.debug.xcconfig */;
			buildSettings = {
				ASSETCATALOG_COMPILER_APPICON_NAME = AppIcon;
				CODE_SIGN_STYLE = Automatic;
				DEVELOPMENT_TEAM = 68K772KRF2;
				INFOPLIST_FILE = VK_client/SupportingFiles/Info.plist;
				LD_RUNPATH_SEARCH_PATHS = (
					"$(inherited)",
					"@executable_path/Frameworks",
				);
				PRODUCT_BUNDLE_IDENTIFIER = "com.zindeivan.VK-client";
				PRODUCT_NAME = "$(TARGET_NAME)";
				SWIFT_VERSION = 5.0;
				TARGETED_DEVICE_FAMILY = "1,2";
			};
			name = Debug;
		};
		B590EDE424AF67EB00179DEA /* Release */ = {
			isa = XCBuildConfiguration;
			baseConfigurationReference = FEAA6112649E862F2EC74568 /* Pods-VK_client.release.xcconfig */;
			buildSettings = {
				ASSETCATALOG_COMPILER_APPICON_NAME = AppIcon;
				CODE_SIGN_STYLE = Automatic;
				DEVELOPMENT_TEAM = 68K772KRF2;
				INFOPLIST_FILE = VK_client/SupportingFiles/Info.plist;
				LD_RUNPATH_SEARCH_PATHS = (
					"$(inherited)",
					"@executable_path/Frameworks",
				);
				PRODUCT_BUNDLE_IDENTIFIER = "com.zindeivan.VK-client";
				PRODUCT_NAME = "$(TARGET_NAME)";
				SWIFT_VERSION = 5.0;
				TARGETED_DEVICE_FAMILY = "1,2";
			};
			name = Release;
		};
/* End XCBuildConfiguration section */

/* Begin XCConfigurationList section */
		B590EDC924AF67EA00179DEA /* Build configuration list for PBXProject "VK_client" */ = {
			isa = XCConfigurationList;
			buildConfigurations = (
				B590EDE024AF67EB00179DEA /* Debug */,
				B590EDE124AF67EB00179DEA /* Release */,
			);
			defaultConfigurationIsVisible = 0;
			defaultConfigurationName = Release;
		};
		B590EDE224AF67EB00179DEA /* Build configuration list for PBXNativeTarget "VK_client" */ = {
			isa = XCConfigurationList;
			buildConfigurations = (
				B590EDE324AF67EB00179DEA /* Debug */,
				B590EDE424AF67EB00179DEA /* Release */,
			);
			defaultConfigurationIsVisible = 0;
			defaultConfigurationName = Release;
		};
/* End XCConfigurationList section */
	};
	rootObject = B590EDC624AF67EA00179DEA /* Project object */;
}
